hash: fd6ba05d7e5514ca96eb31ef7f95e41bd008502db27b09b15d89d461d6e2b564
updated: 2017-06-28T16:30:30.522915991+05:30
imports:
- name: github.com/astaxie/beego
  version: cab8458c1c4a5a3b4bf5192922be620e6dede15b
  subpackages:
  - config
  - context
  - context/param
  - grace
  - logs
  - orm
  - plugins/cors
  - session
  - toolbox
  - utils
- name: github.com/go-sql-driver/mysql
  version: a0583e0143b1624142adab07e0e97fe106d99561
- name: gopkg.in/authboss.v1
  version: be948e61d1f76faa4f25bd0eb32a4fb6c46659e5
testImports: []
