hash: 938ecf770cff8f50c013cbc70e50bfb3cc2105e6967974277d14a35b4c9cdc0a
updated: 2017-06-29T21:06:21.032972426+05:30
imports:
- name: github.com/astaxie/beego
  version: cab8458c1c4a5a3b4bf5192922be620e6dede15b
  subpackages:
  - config
  - context
  - context/param
  - grace
  - logs
  - orm
  - plugins/cors
  - session
  - toolbox
  - utils
- name: github.com/casbin/casbin
  version: 27a24f1712c2b786be8b3fc996e0c513d35bae67
- name: github.com/go-sql-driver/mysql
  version: a0583e0143b1624142adab07e0e97fe106d99561
- name: gopkg.in/authboss.v1
  version: be948e61d1f76faa4f25bd0eb32a4fb6c46659e5
testImports: []
